Microsoft Visual Studio Solution File, Format Version 7.00
Project("{FAE04EC0-301F-11D3-BF4B-00C04F79EFBC}") = "AnimatePicture", "AnimatePicture.csproj", "{2A4D3C2B-450F-48C5-9D94-3F72456012F1}"
EndProject
Global
	GlobalSection(SolutionConfiguration) = preSolution
		ConfigName.0 = Debug
		ConfigName.1 = Release
	EndGlobalSection
	GlobalSection(ProjectDependencies) = postSolution
	EndGlobalSection
	GlobalSection(ProjectConfiguration) = postSolution
		{2A4D3C2B-450F-48C5-9D94-3F72456012F1}.Debug.ActiveCfg = Debug|.NET
		{2A4D3C2B-450F-48C5-9D94-3F72456012F1}.Debug.Build.0 = Debug|.NET
		{2A4D3C2B-450F-48C5-9D94-3F72456012F1}.Release.ActiveCfg = Release|.NET
		{2A4D3C2B-450F-48C5-9D94-3F72456012F1}.Release.Build.0 = Release|.NET
	EndGlobalSection
	GlobalSection(ExtensibilityGlobals) = postSolution
	EndGlobalSection
	GlobalSection(ExtensibilityAddIns) = postSolution
	EndGlobalSection
EndGlobal
