Microsoft Visual Studio Solution File, Format Version 7.00
Project("{FAE04EC0-301F-11D3-BF4B-00C04F79EFBC}") = "catchMe", "catchMe.csproj", "{D4D4169A-AD32-4E2E-B43E-8759A514067C}"
EndProject
Global
	GlobalSection(SolutionConfiguration) = preSolution
		ConfigName.0 = Debug
		ConfigName.1 = Release
	EndGlobalSection
	GlobalSection(ProjectDependencies) = postSolution
	EndGlobalSection
	GlobalSection(ProjectConfiguration) = postSolution
		{D4D4169A-AD32-4E2E-B43E-8759A514067C}.Debug.ActiveCfg = Debug|.NET
		{D4D4169A-AD32-4E2E-B43E-8759A514067C}.Debug.Build.0 = Debug|.NET
		{D4D4169A-AD32-4E2E-B43E-8759A514067C}.Release.ActiveCfg = Release|.NET
		{D4D4169A-AD32-4E2E-B43E-8759A514067C}.Release.Build.0 = Release|.NET
	EndGlobalSection
	GlobalSection(ExtensibilityGlobals) = postSolution
	EndGlobalSection
	GlobalSection(ExtensibilityAddIns) = postSolution
	EndGlobalSection
EndGlobal
