Microsoft Visual Studio Solution File, Format Version 7.00
Project("{FAE04EC0-301F-11D3-BF4B-00C04F79EFBC}") = "readData", "readData.csproj", "{26C5963D-DE82-4DAE-82EC-B291E93C7058}"
EndProject
Global
	GlobalSection(SolutionConfiguration) = preSolution
		ConfigName.0 = Debug
		ConfigName.1 = Release
	EndGlobalSection
	GlobalSection(ProjectDependencies) = postSolution
	EndGlobalSection
	GlobalSection(ProjectConfiguration) = postSolution
		{26C5963D-DE82-4DAE-82EC-B291E93C7058}.Debug.ActiveCfg = Debug|.NET
		{26C5963D-DE82-4DAE-82EC-B291E93C7058}.Debug.Build.0 = Debug|.NET
		{26C5963D-DE82-4DAE-82EC-B291E93C7058}.Release.ActiveCfg = Release|.NET
		{26C5963D-DE82-4DAE-82EC-B291E93C7058}.Release.Build.0 = Release|.NET
	EndGlobalSection
	GlobalSection(ExtensibilityGlobals) = postSolution
	EndGlobalSection
	GlobalSection(ExtensibilityAddIns) = postSolution
	EndGlobalSection
EndGlobal
