Microsoft Visual Studio Solution File, Format Version 7.00
Project("{FAE04EC0-301F-11D3-BF4B-00C04F79EFBC}") = "ThreadExample4", "ThreadExample4.csproj", "{2E394C77-2576-4E40-962F-69AF9D13E2FB}"
EndProject
Global
	GlobalSection(SolutionConfiguration) = preSolution
		ConfigName.0 = Debug
		ConfigName.1 = Release
	EndGlobalSection
	GlobalSection(ProjectDependencies) = postSolution
	EndGlobalSection
	GlobalSection(ProjectConfiguration) = postSolution
		{2E394C77-2576-4E40-962F-69AF9D13E2FB}.Debug.ActiveCfg = Debug|.NET
		{2E394C77-2576-4E40-962F-69AF9D13E2FB}.Debug.Build.0 = Debug|.NET
		{2E394C77-2576-4E40-962F-69AF9D13E2FB}.Release.ActiveCfg = Release|.NET
		{2E394C77-2576-4E40-962F-69AF9D13E2FB}.Release.Build.0 = Release|.NET
	EndGlobalSection
	GlobalSection(ExtensibilityGlobals) = postSolution
	EndGlobalSection
	GlobalSection(ExtensibilityAddIns) = postSolution
	EndGlobalSection
EndGlobal
