Microsoft Visual Studio Solution File, Format Version 7.00
Project("{8BC9CEB9-8B4A-11D0-8D11-00A0C91BC942}") = "hello.exe", "hello.exe", "{48C0D4C5-A47D-4B80-A2B7-8DF6BCDC1E1D}"
EndProject
Global
	GlobalSection(SolutionConfiguration) = preSolution
		ConfigName.0 = Debug
	EndGlobalSection
	GlobalSection(ProjectDependencies) = postSolution
	EndGlobalSection
	GlobalSection(ProjectConfiguration) = postSolution
		{48C0D4C5-A47D-4B80-A2B7-8DF6BCDC1E1D}.Debug.ActiveCfg = Debug
	EndGlobalSection
	GlobalSection(ExtensibilityGlobals) = postSolution
	EndGlobalSection
	GlobalSection(ExtensibilityAddIns) = postSolution
	EndGlobalSection
EndGlobal
