Microsoft Visual Studio Solution File, Format Version 7.00
Project("{FAE04EC0-301F-11D3-BF4B-00C04F79EFBC}") = "FolderBrowser", "FolderBrowser.csproj", "{939FE87C-2D42-483C-B652-F309FB482EE8}"
EndProject
Global
	GlobalSection(SolutionConfiguration) = preSolution
		ConfigName.0 = Debug
		ConfigName.1 = Release
	EndGlobalSection
	GlobalSection(ProjectDependencies) = postSolution
	EndGlobalSection
	GlobalSection(ProjectConfiguration) = postSolution
		{939FE87C-2D42-483C-B652-F309FB482EE8}.Debug.ActiveCfg = Debug|.NET
		{939FE87C-2D42-483C-B652-F309FB482EE8}.Debug.Build.0 = Debug|.NET
		{939FE87C-2D42-483C-B652-F309FB482EE8}.Release.ActiveCfg = Release|.NET
		{939FE87C-2D42-483C-B652-F309FB482EE8}.Release.Build.0 = Release|.NET
	EndGlobalSection
	GlobalSection(ExtensibilityGlobals) = postSolution
	EndGlobalSection
	GlobalSection(ExtensibilityAddIns) = postSolution
	EndGlobalSection
EndGlobal
