Microsoft Visual Studio Solution File, Format Version 7.00
Project("{FAE04EC0-301F-11D3-BF4B-00C04F79EFBC}") = "WorkerThread", "WorkerThread.csproj", "{A575DC50-2CFD-4500-BDCF-464AB34B4F97}"
EndProject
Global
	GlobalSection(SolutionConfiguration) = preSolution
		ConfigName.0 = Debug
		ConfigName.1 = Release
	EndGlobalSection
	GlobalSection(ProjectDependencies) = postSolution
	EndGlobalSection
	GlobalSection(ProjectConfiguration) = postSolution
		{A575DC50-2CFD-4500-BDCF-464AB34B4F97}.Debug.ActiveCfg = Debug|.NET
		{A575DC50-2CFD-4500-BDCF-464AB34B4F97}.Debug.Build.0 = Debug|.NET
		{A575DC50-2CFD-4500-BDCF-464AB34B4F97}.Release.ActiveCfg = Release|.NET
		{A575DC50-2CFD-4500-BDCF-464AB34B4F97}.Release.Build.0 = Release|.NET
	EndGlobalSection
	GlobalSection(ExtensibilityGlobals) = postSolution
	EndGlobalSection
	GlobalSection(ExtensibilityAddIns) = postSolution
	EndGlobalSection
EndGlobal
