Microsoft Visual Studio Solution File, Format Version 7.00
Project("{FAE04EC0-301F-11D3-BF4B-00C04F79EFBC}") = "EmailNotofier", "EmailNotofier.csproj", "{7AFBBF02-BE13-41C7-BAA9-0E20217D5E79}"
EndProject
Global
	GlobalSection(SolutionConfiguration) = preSolution
		ConfigName.0 = Debug
		ConfigName.1 = Release
	EndGlobalSection
	GlobalSection(ProjectDependencies) = postSolution
	EndGlobalSection
	GlobalSection(ProjectConfiguration) = postSolution
		{7AFBBF02-BE13-41C7-BAA9-0E20217D5E79}.Debug.ActiveCfg = Debug|.NET
		{7AFBBF02-BE13-41C7-BAA9-0E20217D5E79}.Debug.Build.0 = Debug|.NET
		{7AFBBF02-BE13-41C7-BAA9-0E20217D5E79}.Release.ActiveCfg = Release|.NET
		{7AFBBF02-BE13-41C7-BAA9-0E20217D5E79}.Release.Build.0 = Release|.NET
	EndGlobalSection
	GlobalSection(ExtensibilityGlobals) = postSolution
	EndGlobalSection
	GlobalSection(ExtensibilityAddIns) = postSolution
	EndGlobalSection
EndGlobal
