Microsoft Visual Studio Solution File, Format Version 7.00
Project("{FAE04EC0-301F-11D3-BF4B-00C04F79EFBC}") = "useSplitterApp", "useSplitterApp.csproj", "{2D992DDB-F71E-4F4F-B7E5-5C6FA5EB6FB9}"
EndProject
Global
	GlobalSection(SolutionConfiguration) = preSolution
		ConfigName.0 = Debug
		ConfigName.1 = Release
	EndGlobalSection
	GlobalSection(ProjectDependencies) = postSolution
	EndGlobalSection
	GlobalSection(ProjectConfiguration) = postSolution
		{2D992DDB-F71E-4F4F-B7E5-5C6FA5EB6FB9}.Debug.ActiveCfg = Debug|.NET
		{2D992DDB-F71E-4F4F-B7E5-5C6FA5EB6FB9}.Debug.Build.0 = Debug|.NET
		{2D992DDB-F71E-4F4F-B7E5-5C6FA5EB6FB9}.Release.ActiveCfg = Release|.NET
		{2D992DDB-F71E-4F4F-B7E5-5C6FA5EB6FB9}.Release.Build.0 = Release|.NET
	EndGlobalSection
	GlobalSection(ExtensibilityGlobals) = postSolution
	EndGlobalSection
	GlobalSection(ExtensibilityAddIns) = postSolution
	EndGlobalSection
EndGlobal
