Microsoft Visual Studio Solution File, Format Version 7.00
Project("{FAE04EC0-301F-11D3-BF4B-00C04F79EFBC}") = "toolbarApp", "toolbarApp.csproj", "{15293215-ED22-4CA1-BC0B-EBF33EB55D15}"
EndProject
Global
	GlobalSection(SolutionConfiguration) = preSolution
		ConfigName.0 = Debug
		ConfigName.1 = Release
	EndGlobalSection
	GlobalSection(ProjectDependencies) = postSolution
	EndGlobalSection
	GlobalSection(ProjectConfiguration) = postSolution
		{15293215-ED22-4CA1-BC0B-EBF33EB55D15}.Debug.ActiveCfg = Debug|.NET
		{15293215-ED22-4CA1-BC0B-EBF33EB55D15}.Debug.Build.0 = Debug|.NET
		{15293215-ED22-4CA1-BC0B-EBF33EB55D15}.Release.ActiveCfg = Release|.NET
		{15293215-ED22-4CA1-BC0B-EBF33EB55D15}.Release.Build.0 = Release|.NET
	EndGlobalSection
	GlobalSection(ExtensibilityGlobals) = postSolution
	EndGlobalSection
	GlobalSection(ExtensibilityAddIns) = postSolution
	EndGlobalSection
EndGlobal
