Microsoft Visual Studio Solution File, Format Version 7.00
Project("{FAE04EC0-301F-11D3-BF4B-00C04F79EFBC}") = "addCtrlAtRuntimeApp", "addCtrlAtRuntimeApp.csproj", "{3770C740-3520-41B3-AB4C-AAEA65FC92B7}"
EndProject
Global
	GlobalSection(SolutionConfiguration) = preSolution
		ConfigName.0 = Debug
		ConfigName.1 = Release
	EndGlobalSection
	GlobalSection(ProjectDependencies) = postSolution
	EndGlobalSection
	GlobalSection(ProjectConfiguration) = postSolution
		{3770C740-3520-41B3-AB4C-AAEA65FC92B7}.Debug.ActiveCfg = Debug|.NET
		{3770C740-3520-41B3-AB4C-AAEA65FC92B7}.Debug.Build.0 = Debug|.NET
		{3770C740-3520-41B3-AB4C-AAEA65FC92B7}.Release.ActiveCfg = Release|.NET
		{3770C740-3520-41B3-AB4C-AAEA65FC92B7}.Release.Build.0 = Release|.NET
	EndGlobalSection
	GlobalSection(ExtensibilityGlobals) = postSolution
	EndGlobalSection
	GlobalSection(ExtensibilityAddIns) = postSolution
	EndGlobalSection
EndGlobal
