Microsoft Visual Studio Solution File, Format Version 7.00
Project("{FAE04EC0-301F-11D3-BF4B-00C04F79EFBC}") = "useTreeView", "useTreeView.csproj", "{DCB3E176-ADC1-4E76-867C-2F5B3256AAF5}"
EndProject
Global
	GlobalSection(SolutionConfiguration) = preSolution
		ConfigName.0 = Debug
		ConfigName.1 = Release
	EndGlobalSection
	GlobalSection(ProjectDependencies) = postSolution
	EndGlobalSection
	GlobalSection(ProjectConfiguration) = postSolution
		{DCB3E176-ADC1-4E76-867C-2F5B3256AAF5}.Debug.ActiveCfg = Debug|.NET
		{DCB3E176-ADC1-4E76-867C-2F5B3256AAF5}.Debug.Build.0 = Debug|.NET
		{DCB3E176-ADC1-4E76-867C-2F5B3256AAF5}.Release.ActiveCfg = Release|.NET
		{DCB3E176-ADC1-4E76-867C-2F5B3256AAF5}.Release.Build.0 = Release|.NET
	EndGlobalSection
	GlobalSection(ExtensibilityGlobals) = postSolution
	EndGlobalSection
	GlobalSection(ExtensibilityAddIns) = postSolution
	EndGlobalSection
EndGlobal
