Microsoft Visual Studio Solution File, Format Version 7.00
Project("{FAE04EC0-301F-11D3-BF4B-00C04F79EFBC}") = "useGDI+", "useGDI+.csproj", "{485792EC-08E2-4E32-B6FE-C4250B2210D5}"
EndProject
Global
	GlobalSection(SolutionConfiguration) = preSolution
		ConfigName.0 = Debug
		ConfigName.1 = Release
	EndGlobalSection
	GlobalSection(ProjectDependencies) = postSolution
	EndGlobalSection
	GlobalSection(ProjectConfiguration) = postSolution
		{485792EC-08E2-4E32-B6FE-C4250B2210D5}.Debug.ActiveCfg = Debug|.NET
		{485792EC-08E2-4E32-B6FE-C4250B2210D5}.Debug.Build.0 = Debug|.NET
		{485792EC-08E2-4E32-B6FE-C4250B2210D5}.Release.ActiveCfg = Release|.NET
		{485792EC-08E2-4E32-B6FE-C4250B2210D5}.Release.Build.0 = Release|.NET
	EndGlobalSection
	GlobalSection(ExtensibilityGlobals) = postSolution
	EndGlobalSection
	GlobalSection(ExtensibilityAddIns) = postSolution
	EndGlobalSection
EndGlobal
