Microsoft Visual Studio Solution File, Format Version 7.00
Project("{FAE04EC0-301F-11D3-BF4B-00C04F79EFBC}") = "ChatServer", "ChatServer.csproj", "{68ADF7E8-155B-4937-811C-51EE260B273B}"
EndProject
Global
	GlobalSection(SolutionConfiguration) = preSolution
		ConfigName.0 = Debug
		ConfigName.1 = Release
	EndGlobalSection
	GlobalSection(ProjectDependencies) = postSolution
	EndGlobalSection
	GlobalSection(ProjectConfiguration) = postSolution
		{68ADF7E8-155B-4937-811C-51EE260B273B}.Debug.ActiveCfg = Debug|.NET
		{68ADF7E8-155B-4937-811C-51EE260B273B}.Debug.Build.0 = Debug|.NET
		{68ADF7E8-155B-4937-811C-51EE260B273B}.Release.ActiveCfg = Release|.NET
		{68ADF7E8-155B-4937-811C-51EE260B273B}.Release.Build.0 = Release|.NET
	EndGlobalSection
	GlobalSection(ExtensibilityGlobals) = postSolution
	EndGlobalSection
	GlobalSection(ExtensibilityAddIns) = postSolution
	EndGlobalSection
EndGlobal
