Microsoft Visual Studio Solution File, Format Version 7.00
Project("{FAE04EC0-301F-11D3-BF4B-00C04F79EFBC}") = "TrayIconApp", "TrayIconApp.csproj", "{00B56A1C-05AB-4804-AD6E-03D38F762755}"
EndProject
Global
	GlobalSection(SolutionConfiguration) = preSolution
		ConfigName.0 = Debug
		ConfigName.1 = Release
	EndGlobalSection
	GlobalSection(ProjectDependencies) = postSolution
	EndGlobalSection
	GlobalSection(ProjectConfiguration) = postSolution
		{00B56A1C-05AB-4804-AD6E-03D38F762755}.Debug.ActiveCfg = Debug|.NET
		{00B56A1C-05AB-4804-AD6E-03D38F762755}.Debug.Build.0 = Debug|.NET
		{00B56A1C-05AB-4804-AD6E-03D38F762755}.Release.ActiveCfg = Release|.NET
		{00B56A1C-05AB-4804-AD6E-03D38F762755}.Release.Build.0 = Release|.NET
	EndGlobalSection
	GlobalSection(ExtensibilityGlobals) = postSolution
	EndGlobalSection
	GlobalSection(ExtensibilityAddIns) = postSolution
	EndGlobalSection
EndGlobal
