Microsoft Visual Studio Solution File, Format Version 7.00
Project("{FAE04EC0-301F-11D3-BF4B-00C04F79EFBC}") = "mygrep", "mygrep.csproj", "{0ACB787F-D9B2-4084-850E-5575C47B2F3B}"
EndProject
Global
	GlobalSection(SolutionConfiguration) = preSolution
		ConfigName.0 = Debug
		ConfigName.1 = Release
	EndGlobalSection
	GlobalSection(ProjectDependencies) = postSolution
	EndGlobalSection
	GlobalSection(ProjectConfiguration) = postSolution
		{0ACB787F-D9B2-4084-850E-5575C47B2F3B}.Debug.ActiveCfg = Debug|.NET
		{0ACB787F-D9B2-4084-850E-5575C47B2F3B}.Debug.Build.0 = Debug|.NET
		{0ACB787F-D9B2-4084-850E-5575C47B2F3B}.Release.ActiveCfg = Release|.NET
	EndGlobalSection
	GlobalSection(ExtensibilityGlobals) = postSolution
	EndGlobalSection
	GlobalSection(ExtensibilityAddIns) = postSolution
	EndGlobalSection
EndGlobal
