Microsoft Visual Studio Solution File, Format Version 7.00
Project("{FAE04EC0-301F-11D3-BF4B-00C04F79EFBC}") = "ShapedForm", "ShapedForm.csproj", "{0A9B3242-8A97-4B7B-AF80-F8307E9CA89C}"
EndProject
Global
	GlobalSection(SolutionConfiguration) = preSolution
		ConfigName.0 = Debug
		ConfigName.1 = Release
	EndGlobalSection
	GlobalSection(ProjectDependencies) = postSolution
	EndGlobalSection
	GlobalSection(ProjectConfiguration) = postSolution
		{0A9B3242-8A97-4B7B-AF80-F8307E9CA89C}.Debug.ActiveCfg = Debug|.NET
		{0A9B3242-8A97-4B7B-AF80-F8307E9CA89C}.Debug.Build.0 = Debug|.NET
		{0A9B3242-8A97-4B7B-AF80-F8307E9CA89C}.Release.ActiveCfg = Release|.NET
		{0A9B3242-8A97-4B7B-AF80-F8307E9CA89C}.Release.Build.0 = Release|.NET
	EndGlobalSection
	GlobalSection(ExtensibilityGlobals) = postSolution
	EndGlobalSection
	GlobalSection(ExtensibilityAddIns) = postSolution
	EndGlobalSection
EndGlobal
