Microsoft Visual Studio Solution File, Format Version 7.00
Project("{FAE04EC0-301F-11D3-BF4B-00C04F79EFBC}") = "statusApp", "statusApp.csproj", "{34E230DD-34FD-4690-BDAC-793AABD962EE}"
EndProject
Global
	GlobalSection(SolutionConfiguration) = preSolution
		ConfigName.0 = Debug
		ConfigName.1 = Release
	EndGlobalSection
	GlobalSection(ProjectDependencies) = postSolution
	EndGlobalSection
	GlobalSection(ProjectConfiguration) = postSolution
		{34E230DD-34FD-4690-BDAC-793AABD962EE}.Debug.ActiveCfg = Debug|.NET
		{34E230DD-34FD-4690-BDAC-793AABD962EE}.Debug.Build.0 = Debug|.NET
		{34E230DD-34FD-4690-BDAC-793AABD962EE}.Release.ActiveCfg = Release|.NET
		{34E230DD-34FD-4690-BDAC-793AABD962EE}.Release.Build.0 = Release|.NET
	EndGlobalSection
	GlobalSection(ExtensibilityGlobals) = postSolution
	EndGlobalSection
	GlobalSection(ExtensibilityAddIns) = postSolution
	EndGlobalSection
EndGlobal
